// !$*UTF8*$!
{
	archiveVersion = 1;
	classes = {
	};
	objectVersion = 77;
	objects = {

/* Begin PBXBuildFile section */
		1BBFCBD2E03BD7823DD9ACDF /* NowPlayingView.swift in Sources */ = {isa = PBXBuildFile; fileRef = B474CC8372A7DDA2027AC120 /* NowPlayingView.swift */; };
		23665D3513D6D3A706E3C555 /* AppModel.swift in Sources */ = {isa = PBXBuildFile; fileRef = 02929DFDC509472AFCCB4812 /* AppModel.swift */; };
		38EEF56EA096E9C0CC8EA1A3 /* MacDevelopmentDeviceStorage.swift in Sources */ = {isa = PBXBuildFile; fileRef = 2BABDFFE6F1C6D77897EBB08 /* MacDevelopmentDeviceStorage.swift */; };
		3C0A53B5793812326853AB00 /* MusicAssistantCore in Frameworks */ = {isa = PBXBuildFile; productRef = F25C3BD99A9A744150EAAC0D /* MusicAssistantCore */; };
		4419C66A89F1F7D35F0EE791 /* PlayersView.swift in Sources */ = {isa = PBXBuildFile; fileRef = 542B1F3448475B2D0A0E5D88 /* PlayersView.swift */; };
		67C5C41844B241701DE25391 /* Assets.xcassets in Resources */ = {isa = PBXBuildFile; fileRef = 206B226E4156828C968BF298 /* Assets.xcassets */; };
		7802F8762FB046CF84F5283E /* OnboardingView.swift in Sources */ = {isa = PBXBuildFile; fileRef = 240526DD120F774A74313620 /* OnboardingView.swift */; };
		95B8E66A37B0E81FD47C3AAC /* MusicAssistantOneUITests.swift in Sources */ = {isa = PBXBuildFile; fileRef = 1840F43BEF4D5113F66C8FCD /* MusicAssistantOneUITests.swift */; };
		9758AAAD543BCA7E3DE79973 /* SendspinKit in Frameworks */ = {isa = PBXBuildFile; productRef = 160826FB476F4EC5539E8352 /* SendspinKit */; };
		9A1D7A78997CAAFEB527047F /* ServerDiscovery.swift in Sources */ = {isa = PBXBuildFile; fileRef = 10BC9ED65B9BFFE8B3128C8F /* ServerDiscovery.swift */; };
		A8666CFC497DEF98019132BA /* LibraryView.swift in Sources */ = {isa = PBXBuildFile; fileRef = 63D9ECFE3E3C8D04A7B2D6C3 /* LibraryView.swift */; };
		AA8A0EF035AF6DE2736ACBB3 /* LocalPlayer.swift in Sources */ = {isa = PBXBuildFile; fileRef = 1611BA96825C57217765FC11 /* LocalPlayer.swift */; };
		CEE6893379A0DCF57510FCB5 /* CredentialStore.swift in Sources */ = {isa = PBXBuildFile; fileRef = 577DE4FA87BFDDD56820DBEA /* CredentialStore.swift */; };
		D3BB3905EC478CA7210E05C3 /* MusicAssistantOneApp.swift in Sources */ = {isa = PBXBuildFile; fileRef = CE2542622C1B0FA9F0AB6323 /* MusicAssistantOneApp.swift */; };
		E2019EB06CFD0A198C0407B7 /* SearchView.swift in Sources */ = {isa = PBXBuildFile; fileRef = 47AE9F8EF8A0D6D65076835D /* SearchView.swift */; };
		E7FD0B2BE55AB07B16F56CE7 /* RootView.swift in Sources */ = {isa = PBXBuildFile; fileRef = C5F2EC3964901267A6C76D04 /* RootView.swift */; };
		FFE69E98E91D89B26AAA81A9 /* SystemMedia.swift in Sources */ = {isa = PBXBuildFile; fileRef = 3BE8571A897369A70847B6B9 /* SystemMedia.swift */; };
/* End PBXBuildFile section */

/* Begin PBXContainerItemProxy section */
		FB88A5B0DA8B687D917C6B1A /* PBXContainerItemProxy */ = {
			isa = PBXContainerItemProxy;
			containerPortal = 1F34462FA4FA05EEB1D3AECC /* Project object */;
			proxyType = 1;
			remoteGlobalIDString = 6E6155EFB2F1BECB5D084A16;
			remoteInfo = MusicAssistantOne;
		};
/* End PBXContainerItemProxy section */

/* Begin PBXFileReference section */
		02929DFDC509472AFCCB4812 /* AppModel.swift */ = {isa = PBXFileReference; lastKnownFileType = sourcecode.swift; path = AppModel.swift; sourceTree = "<group>"; };
		08FF06655F3347C50C3D71D9 /* Info.plist */ = {isa = PBXFileReference; lastKnownFileType = text.plist; path = Info.plist; sourceTree = "<group>"; };
		10BC9ED65B9BFFE8B3128C8F /* ServerDiscovery.swift */ = {isa = PBXFileReference; lastKnownFileType = sourcecode.swift; path = ServerDiscovery.swift; sourceTree = "<group>"; };
		1611BA96825C57217765FC11 /* LocalPlayer.swift */ = {isa = PBXFileReference; lastKnownFileType = sourcecode.swift; path = LocalPlayer.swift; sourceTree = "<group>"; };
		1840F43BEF4D5113F66C8FCD /* MusicAssistantOneUITests.swift */ = {isa = PBXFileReference; lastKnownFileType = sourcecode.swift; path = MusicAssistantOneUITests.swift; sourceTree = "<group>"; };
		206B226E4156828C968BF298 /* Assets.xcassets */ = {isa = PBXFileReference; lastKnownFileType = folder.assetcatalog; path = Assets.xcassets; sourceTree = "<group>"; };
		240526DD120F774A74313620 /* OnboardingView.swift */ = {isa = PBXFileReference; lastKnownFileType = sourcecode.swift; path = OnboardingView.swift; sourceTree = "<group>"; };
		281A5B5FDCB5B4AEE0DB461E /* Core */ = {isa = PBXFileReference; lastKnownFileType = folder; name = Core; path = Core; sourceTree = SOURCE_ROOT; };
		2BABDFFE6F1C6D77897EBB08 /* MacDevelopmentDeviceStorage.swift */ = {isa = PBXFileReference; lastKnownFileType = sourcecode.swift; path = MacDevelopmentDeviceStorage.swift; sourceTree = "<group>"; };
		3BE8571A897369A70847B6B9 /* SystemMedia.swift */ = {isa = PBXFileReference; lastKnownFileType = sourcecode.swift; path = SystemMedia.swift; sourceTree = "<group>"; };
		3FD823C2C6DFF2F2B79F34F2 /* MusicAssistantOneUITests.xctest */ = {isa = PBXFileReference; includeInIndex = 0; lastKnownFileType = wrapper.cfbundle; path = MusicAssistantOneUITests.xctest; sourceTree = BUILT_PRODUCTS_DIR; };
		47AE9F8EF8A0D6D65076835D /* SearchView.swift */ = {isa = PBXFileReference; lastKnownFileType = sourcecode.swift; path = SearchView.swift; sourceTree = "<group>"; };
		542B1F3448475B2D0A0E5D88 /* PlayersView.swift */ = {isa = PBXFileReference; lastKnownFileType = sourcecode.swift; path = PlayersView.swift; sourceTree = "<group>"; };
		54FFD5EC7F56BC116EB25D22 /* MusicAssistantOne.app */ = {isa = PBXFileReference; includeInIndex = 0; lastKnownFileType = wrapper.application; path = MusicAssistantOne.app; sourceTree = BUILT_PRODUCTS_DIR; };
		577DE4FA87BFDDD56820DBEA /* CredentialStore.swift */ = {isa = PBXFileReference; lastKnownFileType = sourcecode.swift; path = CredentialStore.swift; sourceTree = "<group>"; };
		63D9ECFE3E3C8D04A7B2D6C3 /* LibraryView.swift */ = {isa = PBXFileReference; lastKnownFileType = sourcecode.swift; path = LibraryView.swift; sourceTree = "<group>"; };
		A441885C16D4BA496E451345 /* MusicAssistantOne.entitlements */ = {isa = PBXFileReference; lastKnownFileType = text.plist.entitlements; path = MusicAssistantOne.entitlements; sourceTree = "<group>"; };
		B474CC8372A7DDA2027AC120 /* NowPlayingView.swift */ = {isa = PBXFileReference; lastKnownFileType = sourcecode.swift; path = NowPlayingView.swift; sourceTree = "<group>"; };
		C5F2EC3964901267A6C76D04 /* RootView.swift */ = {isa = PBXFileReference; lastKnownFileType = sourcecode.swift; path = RootView.swift; sourceTree = "<group>"; };
		CE2542622C1B0FA9F0AB6323 /* MusicAssistantOneApp.swift */ = {isa = PBXFileReference; lastKnownFileType = sourcecode.swift; path = MusicAssistantOneApp.swift; sourceTree = "<group>"; };
/* End PBXFileReference section */

/* Begin PBXFrameworksBuildPhase section */
		6CAF26A713797CF8140AAC26 /* Frameworks */ = {
			isa = PBXFrameworksBuildPhase;
			buildActionMask = 2147483647;
			files = (
				3C0A53B5793812326853AB00 /* MusicAssistantCore in Frameworks */,
				9758AAAD543BCA7E3DE79973 /* SendspinKit in Frameworks */,
			);
			runOnlyForDeploymentPostprocessing = 0;
		};
/* End PBXFrameworksBuildPhase section */

/* Begin PBXGroup section */
		377AD2E721A9F91CF0FE8388 /* Services */ = {
			isa = PBXGroup;
			children = (
				577DE4FA87BFDDD56820DBEA /* CredentialStore.swift */,
				1611BA96825C57217765FC11 /* LocalPlayer.swift */,
				2BABDFFE6F1C6D77897EBB08 /* MacDevelopmentDeviceStorage.swift */,
				10BC9ED65B9BFFE8B3128C8F /* ServerDiscovery.swift */,
				3BE8571A897369A70847B6B9 /* SystemMedia.swift */,
			);
			path = Services;
			sourceTree = "<group>";
		};
		59760C91B8744A7BA86BAB13 /* UITests */ = {
			isa = PBXGroup;
			children = (
				1840F43BEF4D5113F66C8FCD /* MusicAssistantOneUITests.swift */,
			);
			path = UITests;
			sourceTree = "<group>";
		};
		6C5450E99EFBA6BC2EF3B7EE = {
			isa = PBXGroup;
			children = (
				CC9D1E0FE93E71B1E9BA2EEB /* App */,
				DD0974DD85CB93B2D8686768 /* Packages */,
				59760C91B8744A7BA86BAB13 /* UITests */,
				7802C7999C3E37E6F9D1364A /* Products */,
			);
			sourceTree = "<group>";
		};
		7802C7999C3E37E6F9D1364A /* Products */ = {
			isa = PBXGroup;
			children = (
				54FFD5EC7F56BC116EB25D22 /* MusicAssistantOne.app */,
				3FD823C2C6DFF2F2B79F34F2 /* MusicAssistantOneUITests.xctest */,
			);
			name = Products;
			sourceTree = "<group>";
		};
		88F7244E04D4EE6294741905 /* Resources */ = {
			isa = PBXGroup;
			children = (
				206B226E4156828C968BF298 /* Assets.xcassets */,
				08FF06655F3347C50C3D71D9 /* Info.plist */,
				A441885C16D4BA496E451345 /* MusicAssistantOne.entitlements */,
			);
			path = Resources;
			sourceTree = "<group>";
		};
		C3EA62D380D462A6DFEA9A21 /* Views */ = {
			isa = PBXGroup;
			children = (
				63D9ECFE3E3C8D04A7B2D6C3 /* LibraryView.swift */,
				B474CC8372A7DDA2027AC120 /* NowPlayingView.swift */,
				240526DD120F774A74313620 /* OnboardingView.swift */,
				542B1F3448475B2D0A0E5D88 /* PlayersView.swift */,
				C5F2EC3964901267A6C76D04 /* RootView.swift */,
				47AE9F8EF8A0D6D65076835D /* SearchView.swift */,
			);
			path = Views;
			sourceTree = "<group>";
		};
		CC9D1E0FE93E71B1E9BA2EEB /* App */ = {
			isa = PBXGroup;
			children = (
				02929DFDC509472AFCCB4812 /* AppModel.swift */,
				CE2542622C1B0FA9F0AB6323 /* MusicAssistantOneApp.swift */,
				88F7244E04D4EE6294741905 /* Resources */,
				377AD2E721A9F91CF0FE8388 /* Services */,
				C3EA62D380D462A6DFEA9A21 /* Views */,
			);
			path = App;
			sourceTree = "<group>";
		};
		DD0974DD85CB93B2D8686768 /* Packages */ = {
			isa = PBXGroup;
			children = (
				281A5B5FDCB5B4AEE0DB461E /* Core */,
			);
			name = Packages;
			sourceTree = "<group>";
		};
/* End PBXGroup section */

/* Begin PBXNativeTarget section */
		6E6155EFB2F1BECB5D084A16 /* MusicAssistantOne */ = {
			isa = PBXNativeTarget;
			buildConfigurationList = A6A07DEE18E893330CA714CA /* Build configuration list for PBXNativeTarget "MusicAssistantOne" */;
			buildPhases = (
				BC40DEACBA4BFFC94D9341C0 /* Sources */,
				1A4D6539E859E6FCF3FE39A4 /* Resources */,
				6CAF26A713797CF8140AAC26 /* Frameworks */,
			);
			buildRules = (
			);
			dependencies = (
			);
			name = MusicAssistantOne;
			packageProductDependencies = (
				F25C3BD99A9A744150EAAC0D /* MusicAssistantCore */,
				160826FB476F4EC5539E8352 /* SendspinKit */,
			);
			productName = MusicAssistantOne;
			productReference = 54FFD5EC7F56BC116EB25D22 /* MusicAssistantOne.app */;
			productType = "com.apple.product-type.application";
		};
		F543651FBDF7FAD94835C9F4 /* MusicAssistantOneUITests */ = {
			isa = PBXNativeTarget;
			buildConfigurationList = 0130CFB191B8CCC11BD2C9E3 /* Build configuration list for PBXNativeTarget "MusicAssistantOneUITests" */;
			buildPhases = (
				7F04B506DBE4239411C6191E /* Sources */,
			);
			buildRules = (
			);
			dependencies = (
				D523F39CFE191B2343CB9D57 /* PBXTargetDependency */,
			);
			name = MusicAssistantOneUITests;
			packageProductDependencies = (
			);
			productName = MusicAssistantOneUITests;
			productReference = 3FD823C2C6DFF2F2B79F34F2 /* MusicAssistantOneUITests.xctest */;
			productType = "com.apple.product-type.bundle.ui-testing";
		};
/* End PBXNativeTarget section */

/* Begin PBXProject section */
		1F34462FA4FA05EEB1D3AECC /* Project object */ = {
			isa = PBXProject;
			attributes = {
				BuildIndependentTargetsInParallel = YES;
				LastUpgradeCheck = 1430;
				TargetAttributes = {
					6E6155EFB2F1BECB5D084A16 = {
						DevelopmentTeam = "";
						ProvisioningStyle = Automatic;
					};
					F543651FBDF7FAD94835C9F4 = {
						DevelopmentTeam = "";
						ProvisioningStyle = Automatic;
						TestTargetID = 6E6155EFB2F1BECB5D084A16;
					};
				};
			};
			buildConfigurationList = 443C5A05661D07A3232B670C /* Build configuration list for PBXProject "MusicAssistantOne" */;
			developmentRegion = en;
			hasScannedForEncodings = 0;
			knownRegions = (
				Base,
				en,
			);
			mainGroup = 6C5450E99EFBA6BC2EF3B7EE;
			minimizedProjectReferenceProxies = 1;
			packageReferences = (
				CCCEDD2E57EAC36C6D0EDDF6 /* XCRemoteSwiftPackageReference "SendspinKit" */,
				6832EA26979F54725263009F /* XCLocalSwiftPackageReference "Core" */,
			);
			preferredProjectObjectVersion = 77;
			productRefGroup = 7802C7999C3E37E6F9D1364A /* Products */;
			projectDirPath = "";
			projectRoot = "";
			targets = (
				6E6155EFB2F1BECB5D084A16 /* MusicAssistantOne */,
				F543651FBDF7FAD94835C9F4 /* MusicAssistantOneUITests */,
			);
		};
/* End PBXProject section */

/* Begin PBXResourcesBuildPhase section */
		1A4D6539E859E6FCF3FE39A4 /* Resources */ = {
			isa = PBXResourcesBuildPhase;
			buildActionMask = 2147483647;
			files = (
				67C5C41844B241701DE25391 /* Assets.xcassets in Resources */,
			);
			runOnlyForDeploymentPostprocessing = 0;
		};
/* End PBXResourcesBuildPhase section */

/* Begin PBXSourcesBuildPhase section */
		7F04B506DBE4239411C6191E /* Sources */ = {
			isa = PBXSourcesBuildPhase;
			buildActionMask = 2147483647;
			files = (
				95B8E66A37B0E81FD47C3AAC /* MusicAssistantOneUITests.swift in Sources */,
			);
			runOnlyForDeploymentPostprocessing = 0;
		};
		BC40DEACBA4BFFC94D9341C0 /* Sources */ = {
			isa = PBXSourcesBuildPhase;
			buildActionMask = 2147483647;
			files = (
				23665D3513D6D3A706E3C555 /* AppModel.swift in Sources */,
				CEE6893379A0DCF57510FCB5 /* CredentialStore.swift in Sources */,
				A8666CFC497DEF98019132BA /* LibraryView.swift in Sources */,
				AA8A0EF035AF6DE2736ACBB3 /* LocalPlayer.swift in Sources */,
				38EEF56EA096E9C0CC8EA1A3 /* MacDevelopmentDeviceStorage.swift in Sources */,
				D3BB3905EC478CA7210E05C3 /* MusicAssistantOneApp.swift in Sources */,
				1BBFCBD2E03BD7823DD9ACDF /* NowPlayingView.swift in Sources */,
				7802F8762FB046CF84F5283E /* OnboardingView.swift in Sources */,
				4419C66A89F1F7D35F0EE791 /* PlayersView.swift in Sources */,
				E7FD0B2BE55AB07B16F56CE7 /* RootView.swift in Sources */,
				E2019EB06CFD0A198C0407B7 /* SearchView.swift in Sources */,
				9A1D7A78997CAAFEB527047F /* ServerDiscovery.swift in Sources */,
				FFE69E98E91D89B26AAA81A9 /* SystemMedia.swift in Sources */,
			);
			runOnlyForDeploymentPostprocessing = 0;
		};
/* End PBXSourcesBuildPhase section */

/* Begin PBXTargetDependency section */
		D523F39CFE191B2343CB9D57 /* PBXTargetDependency */ = {
			isa = PBXTargetDependency;
			target = 6E6155EFB2F1BECB5D084A16 /* MusicAssistantOne */;
			targetProxy = FB88A5B0DA8B687D917C6B1A /* PBXContainerItemProxy */;
		};
/* End PBXTargetDependency section */

/* Begin XCBuildConfiguration section */
		4CD729872812CC9471A3A2B2 /* Debug */ = {
			isa = XCBuildConfiguration;
			buildSettings = {
				ASSETCATALOG_COMPILER_APPICON_NAME = AppIcon;
				ASSETCATALOG_COMPILER_GLOBAL_ACCENT_COLOR_NAME = AccentColor;
				CODE_SIGN_ENTITLEMENTS = App/Resources/MusicAssistantOne.entitlements;
				CODE_SIGN_IDENTITY = "iPhone Developer";
				INFOPLIST_FILE = App/Resources/Info.plist;
				LD_RUNPATH_SEARCH_PATHS = (
					"$(inherited)",
					"@executable_path/Frameworks",
				);
				PRODUCT_BUNDLE_IDENTIFIER = "$(ONE_BUNDLE_ID)";
				PRODUCT_NAME = "Music Assistant One";
				SDKROOT = auto;
				SUPPORTED_PLATFORMS = "iphoneos iphonesimulator macosx";
				SUPPORTS_MACCATALYST = NO;
				SUPPORTS_MAC_DESIGNED_FOR_IPHONE_IPAD = NO;
				SUPPORTS_XR_DESIGNED_FOR_IPHONE_IPAD = YES;
				TARGETED_DEVICE_FAMILY = "1,2";
			};
			name = Debug;
		};
		70A4FCE53D8DA05628477CA4 /* Release */ = {
			isa = XCBuildConfiguration;
			buildSettings = {
				ASSETCATALOG_COMPILER_APPICON_NAME = AppIcon;
				ASSETCATALOG_COMPILER_GLOBAL_ACCENT_COLOR_NAME = AccentColor;
				CODE_SIGN_ENTITLEMENTS = App/Resources/MusicAssistantOne.entitlements;
				CODE_SIGN_IDENTITY = "iPhone Developer";
				INFOPLIST_FILE = App/Resources/Info.plist;
				LD_RUNPATH_SEARCH_PATHS = (
					"$(inherited)",
					"@executable_path/Frameworks",
				);
				PRODUCT_BUNDLE_IDENTIFIER = "$(ONE_BUNDLE_ID)";
				PRODUCT_NAME = "Music Assistant One";
				SDKROOT = auto;
				SUPPORTED_PLATFORMS = "iphoneos iphonesimulator macosx";
				SUPPORTS_MACCATALYST = NO;
				SUPPORTS_MAC_DESIGNED_FOR_IPHONE_IPAD = NO;
				SUPPORTS_XR_DESIGNED_FOR_IPHONE_IPAD = YES;
				TARGETED_DEVICE_FAMILY = "1,2";
			};
			name = Release;
		};
		7CCA1C862E21480A386C9607 /* Release */ = {
			isa = XCBuildConfiguration;
			buildSettings = {
				ALWAYS_SEARCH_USER_PATHS = NO;
				CLANG_ANALYZER_NONNULL = YES;
				CLANG_ANALYZER_NUMBER_OBJECT_CONVERSION = YES_AGGRESSIVE;
				CLANG_CXX_LANGUAGE_STANDARD = "gnu++14";
				CLANG_CXX_LIBRARY = "libc++";
				CLANG_ENABLE_MODULES = YES;
				CLANG_ENABLE_OBJC_ARC = YES;
				CLANG_ENABLE_OBJC_WEAK = YES;
				CLANG_WARN_BLOCK_CAPTURE_AUTORELEASING = YES;
				CLANG_WARN_BOOL_CONVERSION = YES;
				CLANG_WARN_COMMA = YES;
				CLANG_WARN_CONSTANT_CONVERSION = YES;
				CLANG_WARN_DEPRECATED_OBJC_IMPLEMENTATIONS = YES;
				CLANG_WARN_DIRECT_OBJC_ISA_USAGE = YES_ERROR;
				CLANG_WARN_DOCUMENTATION_COMMENTS = YES;
				CLANG_WARN_EMPTY_BODY = YES;
				CLANG_WARN_ENUM_CONVERSION = YES;
				CLANG_WARN_INFINITE_RECURSION = YES;
				CLANG_WARN_INT_CONVERSION = YES;
				CLANG_WARN_NON_LITERAL_NULL_CONVERSION = YES;
				CLANG_WARN_OBJC_IMPLICIT_RETAIN_SELF = YES;
				CLANG_WARN_OBJC_LITERAL_CONVERSION = YES;
				CLANG_WARN_OBJC_ROOT_CLASS = YES_ERROR;
				CLANG_WARN_QUOTED_INCLUDE_IN_FRAMEWORK_HEADER = YES;
				CLANG_WARN_RANGE_LOOP_ANALYSIS = YES;
				CLANG_WARN_STRICT_PROTOTYPES = YES;
				CLANG_WARN_SUSPICIOUS_MOVE = YES;
				CLANG_WARN_UNGUARDED_AVAILABILITY = YES_AGGRESSIVE;
				CLANG_WARN_UNREACHABLE_CODE = YES;
				CLANG_WARN__DUPLICATE_METHOD_MATCH = YES;
				CODE_SIGN_STYLE = Automatic;
				COPY_PHASE_STRIP = NO;
				CURRENT_PROJECT_VERSION = 1;
				DEBUG_INFORMATION_FORMAT = "dwarf-with-dsym";
				DEVELOPMENT_TEAM = "";
				ENABLE_NS_ASSERTIONS = NO;
				ENABLE_STRICT_OBJC_MSGSEND = YES;
				ENABLE_USER_SCRIPT_SANDBOXING = YES;
				GCC_C_LANGUAGE_STANDARD = gnu11;
				GCC_NO_COMMON_BLOCKS = YES;
				GCC_WARN_64_TO_32_BIT_CONVERSION = YES;
				GCC_WARN_ABOUT_RETURN_TYPE = YES_ERROR;
				GCC_WARN_UNDECLARED_SELECTOR = YES;
				GCC_WARN_UNINITIALIZED_AUTOS = YES_AGGRESSIVE;
				GCC_WARN_UNUSED_FUNCTION = YES;
				GCC_WARN_UNUSED_VARIABLE = YES;
				GENERATE_INFOPLIST_FILE = NO;
				IPHONEOS_DEPLOYMENT_TARGET = 26.0;
				"LD_RUNPATH_SEARCH_PATHS[sdk=iphone*]" = "$(inherited) @executable_path/Frameworks";
				"LD_RUNPATH_SEARCH_PATHS[sdk=macosx*]" = "$(inherited) @executable_path/../Frameworks";
				MACOSX_DEPLOYMENT_TARGET = 26.0;
				MARKETING_VERSION = 0.1.0;
				MTL_ENABLE_DEBUG_INFO = NO;
				MTL_FAST_MATH = YES;
				ONE_BUNDLE_ID = app.musicassistant.one;
				PRODUCT_NAME = "$(TARGET_NAME)";
				SDKROOT = auto;
				SWIFT_COMPILATION_MODE = wholemodule;
				SWIFT_OPTIMIZATION_LEVEL = "-O";
				SWIFT_VERSION = 6.0;
			};
			name = Release;
		};
		F37EE17D8F7F6A947D66AD15 /* Debug */ = {
			isa = XCBuildConfiguration;
			buildSettings = {
				BUNDLE_LOADER = "$(TEST_HOST)";
				GENERATE_INFOPLIST_FILE = YES;
				LD_RUNPATH_SEARCH_PATHS = (
					"$(inherited)",
					"@executable_path/Frameworks",
					"@loader_path/Frameworks",
				);
				PRODUCT_BUNDLE_IDENTIFIER = app.musicassistant.one.uitests;
				SDKROOT = auto;
				SUPPORTED_PLATFORMS = "iphoneos iphonesimulator macosx";
				SUPPORTS_MACCATALYST = NO;
				SUPPORTS_MAC_DESIGNED_FOR_IPHONE_IPAD = NO;
				SUPPORTS_XR_DESIGNED_FOR_IPHONE_IPAD = YES;
				TARGETED_DEVICE_FAMILY = "1,2";
				TEST_TARGET_NAME = MusicAssistantOne;
			};
			name = Debug;
		};
		F9F0125CC499BF75691B14B8 /* Release */ = {
			isa = XCBuildConfiguration;
			buildSettings = {
				BUNDLE_LOADER = "$(TEST_HOST)";
				GENERATE_INFOPLIST_FILE = YES;
				LD_RUNPATH_SEARCH_PATHS = (
					"$(inherited)",
					"@executable_path/Frameworks",
					"@loader_path/Frameworks",
				);
				PRODUCT_BUNDLE_IDENTIFIER = app.musicassistant.one.uitests;
				SDKROOT = auto;
				SUPPORTED_PLATFORMS = "iphoneos iphonesimulator macosx";
				SUPPORTS_MACCATALYST = NO;
				SUPPORTS_MAC_DESIGNED_FOR_IPHONE_IPAD = NO;
				SUPPORTS_XR_DESIGNED_FOR_IPHONE_IPAD = YES;
				TARGETED_DEVICE_FAMILY = "1,2";
				TEST_TARGET_NAME = MusicAssistantOne;
			};
			name = Release;
		};
		FEC6B1465C12B756EC6C593C /* Debug */ = {
			isa = XCBuildConfiguration;
			buildSettings = {
				ALWAYS_SEARCH_USER_PATHS = NO;
				CLANG_ANALYZER_NONNULL = YES;
				CLANG_ANALYZER_NUMBER_OBJECT_CONVERSION = YES_AGGRESSIVE;
				CLANG_CXX_LANGUAGE_STANDARD = "gnu++14";
				CLANG_CXX_LIBRARY = "libc++";
				CLANG_ENABLE_MODULES = YES;
				CLANG_ENABLE_OBJC_ARC = YES;
				CLANG_ENABLE_OBJC_WEAK = YES;
				CLANG_WARN_BLOCK_CAPTURE_AUTORELEASING = YES;
				CLANG_WARN_BOOL_CONVERSION = YES;
				CLANG_WARN_COMMA = YES;
				CLANG_WARN_CONSTANT_CONVERSION = YES;
				CLANG_WARN_DEPRECATED_OBJC_IMPLEMENTATIONS = YES;
				CLANG_WARN_DIRECT_OBJC_ISA_USAGE = YES_ERROR;
				CLANG_WARN_DOCUMENTATION_COMMENTS = YES;
				CLANG_WARN_EMPTY_BODY = YES;
				CLANG_WARN_ENUM_CONVERSION = YES;
				CLANG_WARN_INFINITE_RECURSION = YES;
				CLANG_WARN_INT_CONVERSION = YES;
				CLANG_WARN_NON_LITERAL_NULL_CONVERSION = YES;
				CLANG_WARN_OBJC_IMPLICIT_RETAIN_SELF = YES;
				CLANG_WARN_OBJC_LITERAL_CONVERSION = YES;
				CLANG_WARN_OBJC_ROOT_CLASS = YES_ERROR;
				CLANG_WARN_QUOTED_INCLUDE_IN_FRAMEWORK_HEADER = YES;
				CLANG_WARN_RANGE_LOOP_ANALYSIS = YES;
				CLANG_WARN_STRICT_PROTOTYPES = YES;
				CLANG_WARN_SUSPICIOUS_MOVE = YES;
				CLANG_WARN_UNGUARDED_AVAILABILITY = YES_AGGRESSIVE;
				CLANG_WARN_UNREACHABLE_CODE = YES;
				CLANG_WARN__DUPLICATE_METHOD_MATCH = YES;
				CODE_SIGN_STYLE = Automatic;
				COPY_PHASE_STRIP = NO;
				CURRENT_PROJECT_VERSION = 1;
				DEBUG_INFORMATION_FORMAT = dwarf;
				DEVELOPMENT_TEAM = "";
				ENABLE_STRICT_OBJC_MSGSEND = YES;
				ENABLE_TESTABILITY = YES;
				ENABLE_USER_SCRIPT_SANDBOXING = YES;
				GCC_C_LANGUAGE_STANDARD = gnu11;
				GCC_DYNAMIC_NO_PIC = NO;
				GCC_NO_COMMON_BLOCKS = YES;
				GCC_OPTIMIZATION_LEVEL = 0;
				GCC_PREPROCESSOR_DEFINITIONS = (
					"$(inherited)",
					"DEBUG=1",
				);
				GCC_WARN_64_TO_32_BIT_CONVERSION = YES;
				GCC_WARN_ABOUT_RETURN_TYPE = YES_ERROR;
				GCC_WARN_UNDECLARED_SELECTOR = YES;
				GCC_WARN_UNINITIALIZED_AUTOS = YES_AGGRESSIVE;
				GCC_WARN_UNUSED_FUNCTION = YES;
				GCC_WARN_UNUSED_VARIABLE = YES;
				GENERATE_INFOPLIST_FILE = NO;
				IPHONEOS_DEPLOYMENT_TARGET = 26.0;
				"LD_RUNPATH_SEARCH_PATHS[sdk=iphone*]" = "$(inherited) @executable_path/Frameworks";
				"LD_RUNPATH_SEARCH_PATHS[sdk=macosx*]" = "$(inherited) @executable_path/../Frameworks";
				MACOSX_DEPLOYMENT_TARGET = 26.0;
				MARKETING_VERSION = 0.1.0;
				MTL_ENABLE_DEBUG_INFO = INCLUDE_SOURCE;
				MTL_FAST_MATH = YES;
				ONE_BUNDLE_ID = app.musicassistant.one;
				ONLY_ACTIVE_ARCH = YES;
				PRODUCT_NAME = "$(TARGET_NAME)";
				SDKROOT = auto;
				SWIFT_ACTIVE_COMPILATION_CONDITIONS = DEBUG;
				SWIFT_OPTIMIZATION_LEVEL = "-Onone";
				SWIFT_VERSION = 6.0;
			};
			name = Debug;
		};
/* End XCBuildConfiguration section */

/* Begin XCConfigurationList section */
		0130CFB191B8CCC11BD2C9E3 /* Build configuration list for PBXNativeTarget "MusicAssistantOneUITests" */ = {
			isa = XCConfigurationList;
			buildConfigurations = (
				F37EE17D8F7F6A947D66AD15 /* Debug */,
				F9F0125CC499BF75691B14B8 /* Release */,
			);
			defaultConfigurationIsVisible = 0;
			defaultConfigurationName = Debug;
		};
		443C5A05661D07A3232B670C /* Build configuration list for PBXProject "MusicAssistantOne" */ = {
			isa = XCConfigurationList;
			buildConfigurations = (
				FEC6B1465C12B756EC6C593C /* Debug */,
				7CCA1C862E21480A386C9607 /* Release */,
			);
			defaultConfigurationIsVisible = 0;
			defaultConfigurationName = Debug;
		};
		A6A07DEE18E893330CA714CA /* Build configuration list for PBXNativeTarget "MusicAssistantOne" */ = {
			isa = XCConfigurationList;
			buildConfigurations = (
				4CD729872812CC9471A3A2B2 /* Debug */,
				70A4FCE53D8DA05628477CA4 /* Release */,
			);
			defaultConfigurationIsVisible = 0;
			defaultConfigurationName = Debug;
		};
/* End XCConfigurationList section */

/* Begin XCLocalSwiftPackageReference section */
		6832EA26979F54725263009F /* XCLocalSwiftPackageReference "Core" */ = {
			isa = XCLocalSwiftPackageReference;
			relativePath = Core;
		};
/* End XCLocalSwiftPackageReference section */

/* Begin XCRemoteSwiftPackageReference section */
		CCCEDD2E57EAC36C6D0EDDF6 /* XCRemoteSwiftPackageReference "SendspinKit" */ = {
			isa = XCRemoteSwiftPackageReference;
			repositoryURL = "https://github.com/Sendspin/SendspinKit.git";
			requirement = {
				kind = revision;
				revision = 98fbe9e46953ef83a0fdb6938f8d8ad98c262992;
			};
		};
/* End XCRemoteSwiftPackageReference section */

/* Begin XCSwiftPackageProductDependency section */
		160826FB476F4EC5539E8352 /* SendspinKit */ = {
			isa = XCSwiftPackageProductDependency;
			package = CCCEDD2E57EAC36C6D0EDDF6 /* XCRemoteSwiftPackageReference "SendspinKit" */;
			productName = SendspinKit;
		};
		F25C3BD99A9A744150EAAC0D /* MusicAssistantCore */ = {
			isa = XCSwiftPackageProductDependency;
			productName = MusicAssistantCore;
		};
/* End XCSwiftPackageProductDependency section */
	};
	rootObject = 1F34462FA4FA05EEB1D3AECC /* Project object */;
}
